
Microsoft Visual Studio Solution File, Format Version 12.00
# Visual Studio Version 16
VisualStudioVersion = 16.0.33529.622
MinimumVisualStudioVersion = 10.0.40219.1
Project("{FAE04EC0-301F-11D3-BF4B-00C04F79EFBC}") = "UI", "UI\UI.csproj", "{AEAE368F-B41A-46E7-BFAD-3264802389B7}"
EndProject
Project("{FAE04EC0-301F-11D3-BF4B-00C04F79EFBC}") = "BLL", "BLL\BLL.csproj", "{DB60ED01-2A8F-4863-A278-3047D7038D83}"
EndProject
Project("{FAE04EC0-301F-11D3-BF4B-00C04F79EFBC}") = "DTO", "DTO\DTO.csproj", "{D0E048A7-5DFF-4B53-9929-C9F0D7BCA7AD}"
EndProject
Project("{FAE04EC0-301F-11D3-BF4B-00C04F79EFBC}") = "DAL", "DAL\DAL.csproj", "{104FCD5B-CE3A-4A63-B17C-658D983BA42B}"
EndProject
Global
	GlobalSection(SolutionConfigurationPlatforms) = preSolution
		Debug|Any CPU = Debug|Any CPU
		Release|Any CPU = Release|Any CPU
	EndGlobalSection
	GlobalSection(ProjectConfigurationPlatforms) = postSolution
		{AEAE368F-B41A-46E7-BFAD-3264802389B7}.Debug|Any CPU.ActiveCfg = Debug|Any CPU
		{AEAE368F-B41A-46E7-BFAD-3264802389B7}.Debug|Any CPU.Build.0 = Debug|Any CPU
		{AEAE368F-B41A-46E7-BFAD-3264802389B7}.Release|Any CPU.ActiveCfg = Release|Any CPU
		{AEAE368F-B41A-46E7-BFAD-3264802389B7}.Release|Any CPU.Build.0 = Release|Any CPU
		{DB60ED01-2A8F-4863-A278-3047D7038D83}.Debug|Any CPU.ActiveCfg = Debug|Any CPU
		{DB60ED01-2A8F-4863-A278-3047D7038D83}.Debug|Any CPU.Build.0 = Debug|Any CPU
		{DB60ED01-2A8F-4863-A278-3047D7038D83}.Release|Any CPU.ActiveCfg = Release|Any CPU
		{DB60ED01-2A8F-4863-A278-3047D7038D83}.Release|Any CPU.Build.0 = Release|Any CPU
		{D0E048A7-5DFF-4B53-9929-C9F0D7BCA7AD}.Debug|Any CPU.ActiveCfg = Debug|Any CPU
		{D0E048A7-5DFF-4B53-9929-C9F0D7BCA7AD}.Debug|Any CPU.Build.0 = Debug|Any CPU
		{D0E048A7-5DFF-4B53-9929-C9F0D7BCA7AD}.Release|Any CPU.ActiveCfg = Release|Any CPU
		{D0E048A7-5DFF-4B53-9929-C9F0D7BCA7AD}.Release|Any CPU.Build.0 = Release|Any CPU
		{104FCD5B-CE3A-4A63-B17C-658D983BA42B}.Debug|Any CPU.ActiveCfg = Debug|Any CPU
		{104FCD5B-CE3A-4A63-B17C-658D983BA42B}.Debug|Any CPU.Build.0 = Debug|Any CPU
		{104FCD5B-CE3A-4A63-B17C-658D983BA42B}.Release|Any CPU.ActiveCfg = Release|Any CPU
		{104FCD5B-CE3A-4A63-B17C-658D983BA42B}.Release|Any CPU.Build.0 = Release|Any CPU
	EndGlobalSection
	GlobalSection(SolutionProperties) = preSolution
		HideSolutionNode = FALSE
	EndGlobalSection
	GlobalSection(ExtensibilityGlobals) = postSolution
		SolutionGuid = {A2C5ECAF-7AA3-4AC9-B30B-DD6E774BD1B2}
	EndGlobalSection
EndGlobal
